
Microsoft Visual Studio Solution File, Format Version 12.00
# Visual Studio 2013
VisualStudioVersion = 12.0.21005.1
MinimumVisualStudioVersion = 10.0.40219.1
Project("{F14B399A-7131-4C87-9E4B-1186C45EF12D}") = "BasicReport", "BasicReport\BasicReport.rptproj", "{4232E787-9B66-45B0-82A1-A5C2B0739344}"
EndProject
Global
	GlobalSection(SolutionConfigurationPlatforms) = preSolution
		Debug|Default = Debug|Default
		DebugLocal|Default = DebugLocal|Default
		Release|Default = Release|Default
	EndGlobalSection
	GlobalSection(ProjectConfigurationPlatforms) = postSolution
		{4232E787-9B66-45B0-82A1-A5C2B0739344}.Debug|Default.ActiveCfg = Debug
		{4232E787-9B66-45B0-82A1-A5C2B0739344}.Debug|Default.Build.0 = Debug
		{4232E787-9B66-45B0-82A1-A5C2B0739344}.Debug|Default.Deploy.0 = Debug
		{4232E787-9B66-45B0-82A1-A5C2B0739344}.DebugLocal|Default.ActiveCfg = DebugLocal
		{4232E787-9B66-45B0-82A1-A5C2B0739344}.DebugLocal|Default.Build.0 = DebugLocal
		{4232E787-9B66-45B0-82A1-A5C2B0739344}.Release|Default.ActiveCfg = Release
		{4232E787-9B66-45B0-82A1-A5C2B0739344}.Release|Default.Build.0 = Release
		{4232E787-9B66-45B0-82A1-A5C2B0739344}.Release|Default.Deploy.0 = Release
	EndGlobalSection
	GlobalSection(SolutionProperties) = preSolution
		HideSolutionNode = FALSE
	EndGlobalSection
EndGlobal
